
Microsoft Visual Studio Solution File, Format Version 12.00
# Visual Studio 2012
Project("{FAE04EC0-301F-11D3-BF4B-00C04F79EFBC}") = "SalesTaxes", "SalesTaxes\SalesTaxes.csproj", "{FC322F1B-A7F6-453F-B364-3BE5C9BD2F32}"
EndProject
Global
	GlobalSection(SolutionConfigurationPlatforms) = preSolution
		Debug|Any CPU = Debug|Any CPU
		Release|Any CPU = Release|Any CPU
	EndGlobalSection
	GlobalSection(ProjectConfigurationPlatforms) = postSolution
		{FC322F1B-A7F6-453F-B364-3BE5C9BD2F32}.Debug|Any CPU.ActiveCfg = Debug|Any CPU
		{FC322F1B-A7F6-453F-B364-3BE5C9BD2F32}.Debug|Any CPU.Build.0 = Debug|Any CPU
		{FC322F1B-A7F6-453F-B364-3BE5C9BD2F32}.Release|Any CPU.ActiveCfg = Release|Any CPU
		{FC322F1B-A7F6-453F-B364-3BE5C9BD2F32}.Release|Any CPU.Build.0 = Release|Any CPU
	EndGlobalSection
	GlobalSection(SolutionProperties) = preSolution
		HideSolutionNode = FALSE
	EndGlobalSection
EndGlobal
